
Microsoft Visual Studio Solution File, Format Version 12.00
# Visual Studio Version 17
VisualStudioVersion = 17.10.35013.160
MinimumVisualStudioVersion = 10.0.40219.1
Project("{9A19103F-16F7-4668-BE54-9A1E7A4F7556}") = "DMS.ClientApp", "DMS.ClientApp\DMS.ClientApp.csproj", "{2CF75F24-D288-4732-AF02-430036833181}"
EndProject
Global
	GlobalSection(SolutionConfigurationPlatforms) = preSolution
		Debug|Any CPU = Debug|Any CPU
		Release|Any CPU = Release|Any CPU
	EndGlobalSection
	GlobalSection(ProjectConfigurationPlatforms) = postSolution
		{2CF75F24-D288-4732-AF02-430036833181}.Debug|Any CPU.ActiveCfg = Debug|Any CPU
		{2CF75F24-D288-4732-AF02-430036833181}.Debug|Any CPU.Build.0 = Debug|Any CPU
		{2CF75F24-D288-4732-AF02-430036833181}.Release|Any CPU.ActiveCfg = Release|Any CPU
		{2CF75F24-D288-4732-AF02-430036833181}.Release|Any CPU.Build.0 = Release|Any CPU
	EndGlobalSection
	GlobalSection(SolutionProperties) = preSolution
		HideSolutionNode = FALSE
	EndGlobalSection
	GlobalSection(ExtensibilityGlobals) = postSolution
		SolutionGuid = {DB085854-E0EB-4748-A7AB-702DAD732C9D}
	EndGlobalSection
EndGlobal
